
Microsoft Visual Studio Solution File, Format Version 12.00
# Visual Studio Version 17
VisualStudioVersion = 17.11.35222.181
MinimumVisualStudioVersion = 10.0.40219.1
Project("{FAE04EC0-301F-11D3-BF4B-00C04F79EFBC}") = "FourCreate.ClinicalTrials.WebApi", "FourCreate.ClinicalTrials.WebApi\FourCreate.ClinicalTrials.WebApi.csproj", "{1E4C881E-CCA6-4F34-B158-4C5F0A687FB8}"
EndProject
Project("{E53339B2-1760-4266-BCC7-CA923CBCF16C}") = "docker-compose", "docker-compose.dcproj", "{CC8370B3-25BE-4F65-B2D1-8BAE43137F6E}"
EndProject
Project("{FAE04EC0-301F-11D3-BF4B-00C04F79EFBC}") = "FourCreate.ClinicalTrials.Infrastructure", "FourCreate.ClinicalTrials.Infrastructure\FourCreate.ClinicalTrials.Infrastructure.csproj", "{023C6D71-0C47-426D-B46E-B51862353EC8}"
EndProject
Project("{FAE04EC0-301F-11D3-BF4B-00C04F79EFBC}") = "FourCreate.ClinicalTrials.Domain", "FourCreate.ClinicalTrials.Domain\FourCreate.ClinicalTrials.Domain.csproj", "{236ECEB1-681F-41B0-85AC-0523A7DAFDAD}"
EndProject
Global
	GlobalSection(SolutionConfigurationPlatforms) = preSolution
		Debug|Any CPU = Debug|Any CPU
		Release|Any CPU = Release|Any CPU
	EndGlobalSection
	GlobalSection(ProjectConfigurationPlatforms) = postSolution
		{1E4C881E-CCA6-4F34-B158-4C5F0A687FB8}.Debug|Any CPU.ActiveCfg = Debug|Any CPU
		{1E4C881E-CCA6-4F34-B158-4C5F0A687FB8}.Debug|Any CPU.Build.0 = Debug|Any CPU
		{1E4C881E-CCA6-4F34-B158-4C5F0A687FB8}.Release|Any CPU.ActiveCfg = Release|Any CPU
		{1E4C881E-CCA6-4F34-B158-4C5F0A687FB8}.Release|Any CPU.Build.0 = Release|Any CPU
		{CC8370B3-25BE-4F65-B2D1-8BAE43137F6E}.Debug|Any CPU.ActiveCfg = Debug|Any CPU
		{CC8370B3-25BE-4F65-B2D1-8BAE43137F6E}.Debug|Any CPU.Build.0 = Debug|Any CPU
		{CC8370B3-25BE-4F65-B2D1-8BAE43137F6E}.Release|Any CPU.ActiveCfg = Release|Any CPU
		{CC8370B3-25BE-4F65-B2D1-8BAE43137F6E}.Release|Any CPU.Build.0 = Release|Any CPU
		{023C6D71-0C47-426D-B46E-B51862353EC8}.Debug|Any CPU.ActiveCfg = Debug|Any CPU
		{023C6D71-0C47-426D-B46E-B51862353EC8}.Debug|Any CPU.Build.0 = Debug|Any CPU
		{023C6D71-0C47-426D-B46E-B51862353EC8}.Release|Any CPU.ActiveCfg = Release|Any CPU
		{023C6D71-0C47-426D-B46E-B51862353EC8}.Release|Any CPU.Build.0 = Release|Any CPU
		{236ECEB1-681F-41B0-85AC-0523A7DAFDAD}.Debug|Any CPU.ActiveCfg = Debug|Any CPU
		{236ECEB1-681F-41B0-85AC-0523A7DAFDAD}.Debug|Any CPU.Build.0 = Debug|Any CPU
		{236ECEB1-681F-41B0-85AC-0523A7DAFDAD}.Release|Any CPU.ActiveCfg = Release|Any CPU
		{236ECEB1-681F-41B0-85AC-0523A7DAFDAD}.Release|Any CPU.Build.0 = Release|Any CPU
	EndGlobalSection
	GlobalSection(SolutionProperties) = preSolution
		HideSolutionNode = FALSE
	EndGlobalSection
	GlobalSection(ExtensibilityGlobals) = postSolution
		SolutionGuid = {4B4A2EDA-E4D3-488C-B071-01F8F94C5568}
	EndGlobalSection
EndGlobal
